// !$*UTF8*$!
{
	archiveVersion = 1;
	classes = {
	};
	objectVersion = 50;
	objects = {

/* Begin PBXBuildFile section */
		9FB2FF4D25124AEE00A8B387 /* AppDelegate.swift in Sources */ = {isa = PBXBuildFile; fileRef = 9FB2FF4C25124AEE00A8B387 /* AppDelegate.swift */; };
		9FB2FF4F25124AEE00A8B387 /* SceneDelegate.swift in Sources */ = {isa = PBXBuildFile; fileRef = 9FB2FF4E25124AEE00A8B387 /* SceneDelegate.swift */; };
		9FB2FF5125124AEE00A8B387 /* ViewController.swift in Sources */ = {isa = PBXBuildFile; fileRef = 9FB2FF5025124AEE00A8B387 /* ViewController.swift */; };
		9FB2FF5425124AEE00A8B387 /* Main.storyboard in Resources */ = {isa = PBXBuildFile; fileRef = 9FB2FF5225124AEE00A8B387 /* Main.storyboard */; };
		9FB2FF5625124AF100A8B387 /* Assets.xcassets in Resources */ = {isa = PBXBuildFile; fileRef = 9FB2FF5525124AF100A8B387 /* Assets.xcassets */; };
		9FB2FF5925124AF100A8B387 /* LaunchScreen.storyboard in Resources */ = {isa = PBXBuildFile; fileRef = 9FB2FF5725124AF100A8B387 /* LaunchScreen.storyboard */; };
		9FB2FF612513B3C100A8B387 /* ClassItem.swift in Sources */ = {isa = PBXBuildFile; fileRef = 9FB2FF602513B3C100A8B387 /* ClassItem.swift */; };
/* End PBXBuildFile section */

/* Begin PBXFileReference section */
		9FB2FF4925124AEE00A8B387 /* iListMarket.app */ = {isa = PBXFileReference; explicitFileType = wrapper.application; includeInIndex = 0; path = iListMarket.app; sourceTree = BUILT_PRODUCTS_DIR; };
		9FB2FF4C25124AEE00A8B387 /* AppDelegate.swift */ = {isa = PBXFileReference; lastKnownFileType = sourcecode.swift; path = AppDelegate.swift; sourceTree = "<group>"; };
		9FB2FF4E25124AEE00A8B387 /* SceneDelegate.swift */ = {isa = PBXFileReference; lastKnownFileType = sourcecode.swift; path = SceneDelegate.swift; sourceTree = "<group>"; };
		9FB2FF5025124AEE00A8B387 /* ViewController.swift */ = {isa = PBXFileReference; lastKnownFileType = sourcecode.swift; path = ViewController.swift; sourceTree = "<group>"; };
		9FB2FF5325124AEE00A8B387 /* Base */ = {isa = PBXFileReference; lastKnownFileType = file.storyboard; name = Base; path = Base.lproj/Main.storyboard; sourceTree = "<group>"; };
		9FB2FF5525124AF100A8B387 /* Assets.xcassets */ = {isa = PBXFileReference; lastKnownFileType = folder.assetcatalog; path = Assets.xcassets; sourceTree = "<group>"; };
		9FB2FF5825124AF100A8B387 /* Base */ = {isa = PBXFileReference; lastKnownFileType = file.storyboard; name = Base; path = Base.lproj/LaunchScreen.storyboard; sourceTree = "<group>"; };
		9FB2FF5A25124AF100A8B387 /* Info.plist */ = {isa = PBXFileReference; lastKnownFileType = text.plist.xml; path = Info.plist; sourceTree = "<group>"; };
		9FB2FF602513B3C100A8B387 /* ClassItem.swift */ = {isa = PBXFileReference; lastKnownFileType = sourcecode.swift; path = ClassItem.swift; sourceTree = "<group>"; };
/* End PBXFileReference section */

/* Begin PBXFrameworksBuildPhase section */
		9FB2FF4625124AEE00A8B387 /* Frameworks */ = {
			isa = PBXFrameworksBuildPhase;
			buildActionMask = 2147483647;
			files = (
			);
			runOnlyForDeploymentPostprocessing = 0;
		};
/* End PBXFrameworksBuildPhase section */

/* Begin PBXGroup section */
		9FB2FF4025124AEE00A8B387 = {
			isa = PBXGroup;
			children = (
				9FB2FF4B25124AEE00A8B387 /* iListMarket */,
				9FB2FF4A25124AEE00A8B387 /* Products */,
			);
			sourceTree = "<group>";
		};
		9FB2FF4A25124AEE00A8B387 /* Products */ = {
			isa = PBXGroup;
			children = (
				9FB2FF4925124AEE00A8B387 /* iListMarket.app */,
			);
			name = Products;
			sourceTree = "<group>";
		};
		9FB2FF4B25124AEE00A8B387 /* iListMarket */ = {
			isa = PBXGroup;
			children = (
				9FB2FF4C25124AEE00A8B387 /* AppDelegate.swift */,
				9FB2FF4E25124AEE00A8B387 /* SceneDelegate.swift */,
				9FB2FF5025124AEE00A8B387 /* ViewController.swift */,
				9FB2FF602513B3C100A8B387 /* ClassItem.swift */,
				9FB2FF5225124AEE00A8B387 /* Main.storyboard */,
				9FB2FF5525124AF100A8B387 /* Assets.xcassets */,
				9FB2FF5725124AF100A8B387 /* LaunchScreen.storyboard */,
				9FB2FF5A25124AF100A8B387 /* Info.plist */,
			);
			path = iListMarket;
			sourceTree = "<group>";
		};
/* End PBXGroup section */

/* Begin PBXNativeTarget section */
		9FB2FF4825124AEE00A8B387 /* iListMarket */ = {
			isa = PBXNativeTarget;
			buildConfigurationList = 9FB2FF5D25124AF100A8B387 /* Build configuration list for PBXNativeTarget "iListMarket" */;
			buildPhases = (
				9FB2FF4525124AEE00A8B387 /* Sources */,
				9FB2FF4625124AEE00A8B387 /* Frameworks */,
				9FB2FF4725124AEE00A8B387 /* Resources */,
			);
			buildRules = (
			);
			dependencies = (
			);
			name = iListMarket;
			productName = iListMarket;
			productReference = 9FB2FF4925124AEE00A8B387 /* iListMarket.app */;
			productType = "com.apple.product-type.application";
		};
/* End PBXNativeTarget section */

/* Begin PBXProject section */
		9FB2FF4125124AEE00A8B387 /* Project object */ = {
			isa = PBXProject;
			attributes = {
				LastSwiftUpdateCheck = 1160;
				LastUpgradeCheck = 1160;
				ORGANIZATIONNAME = "Luciana Santana";
				TargetAttributes = {
					9FB2FF4825124AEE00A8B387 = {
						CreatedOnToolsVersion = 11.6;
					};
				};
			};
			buildConfigurationList = 9FB2FF4425124AEE00A8B387 /* Build configuration list for PBXProject "iListMarket" */;
			compatibilityVersion = "Xcode 9.3";
			developmentRegion = en;
			hasScannedForEncodings = 0;
			knownRegions = (
				en,
				Base,
			);
			mainGroup = 9FB2FF4025124AEE00A8B387;
			productRefGroup = 9FB2FF4A25124AEE00A8B387 /* Products */;
			projectDirPath = "";
			projectRoot = "";
			targets = (
				9FB2FF4825124AEE00A8B387 /* iListMarket */,
			);
		};
/* End PBXProject section */

/* Begin PBXResourcesBuildPhase section */
		9FB2FF4725124AEE00A8B387 /* Resources */ = {
			isa = PBXResourcesBuildPhase;
			buildActionMask = 2147483647;
			files = (
				9FB2FF5925124AF100A8B387 /* LaunchScreen.storyboard in Resources */,
				9FB2FF5625124AF100A8B387 /* Assets.xcassets in Resources */,
				9FB2FF5425124AEE00A8B387 /* Main.storyboard in Resources */,
			);
			runOnlyForDeploymentPostprocessing = 0;
		};
/* End PBXResourcesBuildPhase section */

/* Begin PBXSourcesBuildPhase section */
		9FB2FF4525124AEE00A8B387 /* Sources */ = {
			isa = PBXSourcesBuildPhase;
			buildActionMask = 2147483647;
			files = (
				9FB2FF5125124AEE00A8B387 /* ViewController.swift in Sources */,
				9FB2FF4D25124AEE00A8B387 /* AppDelegate.swift in Sources */,
				9FB2FF4F25124AEE00A8B387 /* SceneDelegate.swift in Sources */,
				9FB2FF612513B3C100A8B387 /* ClassItem.swift in Sources */,
			);
			runOnlyForDeploymentPostprocessing = 0;
		};
/* End PBXSourcesBuildPhase section */

/* Begin PBXVariantGroup section */
		9FB2FF5225124AEE00A8B387 /* Main.storyboard */ = {
			isa = PBXVariantGroup;
			children = (
				9FB2FF5325124AEE00A8B387 /* Base */,
			);
			name = Main.storyboard;
			sourceTree = "<group>";
		};
		9FB2FF5725124AF100A8B387 /* LaunchScreen.storyboard */ = {
			isa = PBXVariantGroup;
			children = (
				9FB2FF5825124AF100A8B387 /* Base */,
			);
			name = LaunchScreen.storyboard;
			sourceTree = "<group>";
		};
/* End PBXVariantGroup section */

/* Begin XCBuildConfiguration section */
		9FB2FF5B25124AF100A8B387 /* Debug */ = {
			isa = XCBuildConfiguration;
			buildSettings = {
				ALWAYS_SEARCH_USER_PATHS = NO;
				CLANG_ANALYZER_NONNULL = YES;
				CLANG_ANALYZER_NUMBER_OBJECT_CONVERSION = YES_AGGRESSIVE;
				CLANG_CXX_LANGUAGE_STANDARD = "gnu++14";
				CLANG_CXX_LIBRARY = "libc++";
				CLANG_ENABLE_MODULES = YES;
				CLANG_ENABLE_OBJC_ARC = YES;
				CLANG_ENABLE_OBJC_WEAK = YES;
				CLANG_WARN_BLOCK_CAPTURE_AUTORELEASING = YES;
				CLANG_WARN_BOOL_CONVERSION = YES;
				CLANG_WARN_COMMA = YES;
				CLANG_WARN_CONSTANT_CONVERSION = YES;
				CLANG_WARN_DEPRECATED_OBJC_IMPLEMENTATIONS = YES;
				CLANG_WARN_DIRECT_OBJC_ISA_USAGE = YES_ERROR;
				CLANG_WARN_DOCUMENTATION_COMMENTS = YES;
				CLANG_WARN_EMPTY_BODY = YES;
				CLANG_WARN_ENUM_CONVERSION = YES;
				CLANG_WARN_INFINITE_RECURSION = YES;
				CLANG_WARN_INT_CONVERSION = YES;
				CLANG_WARN_NON_LITERAL_NULL_CONVERSION = YES;
				CLANG_WARN_OBJC_IMPLICIT_RETAIN_SELF = YES;
				CLANG_WARN_OBJC_LITERAL_CONVERSION = YES;
				CLANG_WARN_OBJC_ROOT_CLASS = YES_ERROR;
				CLANG_WARN_RANGE_LOOP_ANALYSIS = YES;
				CLANG_WARN_STRICT_PROTOTYPES = YES;
				CLANG_WARN_SUSPICIOUS_MOVE = YES;
				CLANG_WARN_UNGUARDED_AVAILABILITY = YES_AGGRESSIVE;
				CLANG_WARN_UNREACHABLE_CODE = YES;
				CLANG_WARN__DUPLICATE_METHOD_MATCH = YES;
				COPY_PHASE_STRIP = NO;
				DEBUG_INFORMATION_FORMAT = dwarf;
				ENABLE_STRICT_OBJC_MSGSEND = YES;
				ENABLE_TESTABILITY = YES;
				GCC_C_LANGUAGE_STANDARD = gnu11;
				GCC_DYNAMIC_NO_PIC = NO;
				GCC_NO_COMMON_BLOCKS = YES;
				GCC_OPTIMIZATION_LEVEL = 0;
				GCC_PREPROCESSOR_DEFINITIONS = (
					"DEBUG=1",
					"$(inherited)",
				);
				GCC_WARN_64_TO_32_BIT_CONVERSION = YES;
				GCC_WARN_ABOUT_RETURN_TYPE = YES_ERROR;
				GCC_WARN_UNDECLARED_SELECTOR = YES;
				GCC_WARN_UNINITIALIZED_AUTOS = YES_AGGRESSIVE;
				GCC_WARN_UNUSED_FUNCTION = YES;
				GCC_WARN_UNUSED_VARIABLE = YES;
				IPHONEOS_DEPLOYMENT_TARGET = 13.6;
				MTL_ENABLE_DEBUG_INFO = INCLUDE_SOURCE;
				MTL_FAST_MATH = YES;
				ONLY_ACTIVE_ARCH = YES;
				SDKROOT = iphoneos;
				SWIFT_ACTIVE_COMPILATION_CONDITIONS = DEBUG;
				SWIFT_OPTIMIZATION_LEVEL = "-Onone";
			};
			name = Debug;
		};
		9FB2FF5C25124AF100A8B387 /* Release */ = {
			isa = XCBuildConfiguration;
			buildSettings = {
				ALWAYS_SEARCH_USER_PATHS = NO;
				CLANG_ANALYZER_NONNULL = YES;
				CLANG_ANALYZER_NUMBER_OBJECT_CONVERSION = YES_AGGRESSIVE;
				CLANG_CXX_LANGUAGE_STANDARD = "gnu++14";
				CLANG_CXX_LIBRARY = "libc++";
				CLANG_ENABLE_MODULES = YES;
				CLANG_ENABLE_OBJC_ARC = YES;
				CLANG_ENABLE_OBJC_WEAK = YES;
				CLANG_WARN_BLOCK_CAPTURE_AUTORELEASING = YES;
				CLANG_WARN_BOOL_CONVERSION = YES;
				CLANG_WARN_COMMA = YES;
				CLANG_WARN_CONSTANT_CONVERSION = YES;
				CLANG_WARN_DEPRECATED_OBJC_IMPLEMENTATIONS = YES;
				CLANG_WARN_DIRECT_OBJC_ISA_USAGE = YES_ERROR;
				CLANG_WARN_DOCUMENTATION_COMMENTS = YES;
				CLANG_WARN_EMPTY_BODY = YES;
				CLANG_WARN_ENUM_CONVERSION = YES;
				CLANG_WARN_INFINITE_RECURSION = YES;
				CLANG_WARN_INT_CONVERSION = YES;
				CLANG_WARN_NON_LITERAL_NULL_CONVERSION = YES;
				CLANG_WARN_OBJC_IMPLICIT_RETAIN_SELF = YES;
				CLANG_WARN_OBJC_LITERAL_CONVERSION = YES;
				CLANG_WARN_OBJC_ROOT_CLASS = YES_ERROR;
				CLANG_WARN_RANGE_LOOP_ANALYSIS = YES;
				CLANG_WARN_STRICT_PROTOTYPES = YES;
				CLANG_WARN_SUSPICIOUS_MOVE = YES;
				CLANG_WARN_UNGUARDED_AVAILABILITY = YES_AGGRESSIVE;
				CLANG_WARN_UNREACHABLE_CODE = YES;
				CLANG_WARN__DUPLICATE_METHOD_MATCH = YES;
				COPY_PHASE_STRIP = NO;
				DEBUG_INFORMATION_FORMAT = "dwarf-with-dsym";
				ENABLE_NS_ASSERTIONS = NO;
				ENABLE_STRICT_OBJC_MSGSEND = YES;
				GCC_C_LANGUAGE_STANDARD = gnu11;
				GCC_NO_COMMON_BLOCKS = YES;
				GCC_WARN_64_TO_32_BIT_CONVERSION = YES;
				GCC_WARN_ABOUT_RETURN_TYPE = YES_ERROR;
				GCC_WARN_UNDECLARED_SELECTOR = YES;
				GCC_WARN_UNINITIALIZED_AUTOS = YES_AGGRESSIVE;
				GCC_WARN_UNUSED_FUNCTION = YES;
				GCC_WARN_UNUSED_VARIABLE = YES;
				IPHONEOS_DEPLOYMENT_TARGET = 13.6;
				MTL_ENABLE_DEBUG_INFO = NO;
				MTL_FAST_MATH = YES;
				SDKROOT = iphoneos;
				SWIFT_COMPILATION_MODE = wholemodule;
				SWIFT_OPTIMIZATION_LEVEL = "-O";
				VALIDATE_PRODUCT = YES;
			};
			name = Release;
		};
		9FB2FF5E25124AF100A8B387 /* Debug */ = {
			isa = XCBuildConfiguration;
			buildSettings = {
				ASSETCATALOG_COMPILER_APPICON_NAME = AppIcon;
				CODE_SIGN_STYLE = Automatic;
				INFOPLIST_FILE = iListMarket/Info.plist;
				LD_RUNPATH_SEARCH_PATHS = (
					"$(inherited)",
					"@executable_path/Frameworks",
				);
				PRODUCT_BUNDLE_IDENTIFIER = com.lucianasilsan.iListMarket;
				PRODUCT_NAME = "$(TARGET_NAME)";
				SWIFT_VERSION = 5.0;
				TARGETED_DEVICE_FAMILY = "1,2";
			};
			name = Debug;
		};
		9FB2FF5F25124AF100A8B387 /* Release */ = {
			isa = XCBuildConfiguration;
			buildSettings = {
				ASSETCATALOG_COMPILER_APPICON_NAME = AppIcon;
				CODE_SIGN_STYLE = Automatic;
				INFOPLIST_FILE = iListMarket/Info.plist;
				LD_RUNPATH_SEARCH_PATHS = (
					"$(inherited)",
					"@executable_path/Frameworks",
				);
				PRODUCT_BUNDLE_IDENTIFIER = com.lucianasilsan.iListMarket;
				PRODUCT_NAME = "$(TARGET_NAME)";
				SWIFT_VERSION = 5.0;
				TARGETED_DEVICE_FAMILY = "1,2";
			};
			name = Release;
		};
/* End XCBuildConfiguration section */

/* Begin XCConfigurationList section */
		9FB2FF4425124AEE00A8B387 /* Build configuration list for PBXProject "iListMarket" */ = {
			isa = XCConfigurationList;
			buildConfigurations = (
				9FB2FF5B25124AF100A8B387 /* Debug */,
				9FB2FF5C25124AF100A8B387 /* Release */,
			);
			defaultConfigurationIsVisible = 0;
			defaultConfigurationName = Release;
		};
		9FB2FF5D25124AF100A8B387 /* Build configuration list for PBXNativeTarget "iListMarket" */ = {
			isa = XCConfigurationList;
			buildConfigurations = (
				9FB2FF5E25124AF100A8B387 /* Debug */,
				9FB2FF5F25124AF100A8B387 /* Release */,
			);
			defaultConfigurationIsVisible = 0;
			defaultConfigurationName = Release;
		};
/* End XCConfigurationList section */
	};
	rootObject = 9FB2FF4125124AEE00A8B387 /* Project object */;
}
