// !$*UTF8*$!
{
	archiveVersion = 1;
	classes = {
	};
	objectVersion = 50;
	objects = {

/* Begin PBXBuildFile section */
		9FB2FF712514E67200A8B387 /* AppDelegate.swift in Sources */ = {isa = PBXBuildFile; fileRef = 9FB2FF702514E67200A8B387 /* AppDelegate.swift */; };
		9FB2FF732514E67200A8B387 /* SceneDelegate.swift in Sources */ = {isa = PBXBuildFile; fileRef = 9FB2FF722514E67200A8B387 /* SceneDelegate.swift */; };
		9FB2FF752514E67200A8B387 /* ViewController.swift in Sources */ = {isa = PBXBuildFile; fileRef = 9FB2FF742514E67200A8B387 /* ViewController.swift */; };
		9FB2FF782514E67200A8B387 /* Main.storyboard in Resources */ = {isa = PBXBuildFile; fileRef = 9FB2FF762514E67200A8B387 /* Main.storyboard */; };
		9FB2FF7A2514E67600A8B387 /* Assets.xcassets in Resources */ = {isa = PBXBuildFile; fileRef = 9FB2FF792514E67600A8B387 /* Assets.xcassets */; };
		9FB2FF7D2514E67600A8B387 /* LaunchScreen.storyboard in Resources */ = {isa = PBXBuildFile; fileRef = 9FB2FF7B2514E67600A8B387 /* LaunchScreen.storyboard */; };
		9FB2FF852514EA8100A8B387 /* Cachorro.swift in Sources */ = {isa = PBXBuildFile; fileRef = 9FB2FF842514EA8100A8B387 /* Cachorro.swift */; };
		9FB2FF872514EC6400A8B387 /* Pessoa.swift in Sources */ = {isa = PBXBuildFile; fileRef = 9FB2FF862514EC6400A8B387 /* Pessoa.swift */; };
		9FB2FF892514ED4E00A8B387 /* Aviao.swift in Sources */ = {isa = PBXBuildFile; fileRef = 9FB2FF882514ED4E00A8B387 /* Aviao.swift */; };
		9FB2FF8B2514EDA700A8B387 /* Caneta.swift in Sources */ = {isa = PBXBuildFile; fileRef = 9FB2FF8A2514EDA700A8B387 /* Caneta.swift */; };
		9FB2FF8D2514F04000A8B387 /* ProtocolFormated.swift in Sources */ = {isa = PBXBuildFile; fileRef = 9FB2FF8C2514F04000A8B387 /* ProtocolFormated.swift */; };
/* End PBXBuildFile section */

/* Begin PBXFileReference section */
		9FB2FF6D2514E67200A8B387 /* Exercicio1.app */ = {isa = PBXFileReference; explicitFileType = wrapper.application; includeInIndex = 0; path = Exercicio1.app; sourceTree = BUILT_PRODUCTS_DIR; };
		9FB2FF702514E67200A8B387 /* AppDelegate.swift */ = {isa = PBXFileReference; lastKnownFileType = sourcecode.swift; path = AppDelegate.swift; sourceTree = "<group>"; };
		9FB2FF722514E67200A8B387 /* SceneDelegate.swift */ = {isa = PBXFileReference; lastKnownFileType = sourcecode.swift; path = SceneDelegate.swift; sourceTree = "<group>"; };
		9FB2FF742514E67200A8B387 /* ViewController.swift */ = {isa = PBXFileReference; lastKnownFileType = sourcecode.swift; path = ViewController.swift; sourceTree = "<group>"; };
		9FB2FF772514E67200A8B387 /* Base */ = {isa = PBXFileReference; lastKnownFileType = file.storyboard; name = Base; path = Base.lproj/Main.storyboard; sourceTree = "<group>"; };
		9FB2FF792514E67600A8B387 /* Assets.xcassets */ = {isa = PBXFileReference; lastKnownFileType = folder.assetcatalog; path = Assets.xcassets; sourceTree = "<group>"; };
		9FB2FF7C2514E67600A8B387 /* Base */ = {isa = PBXFileReference; lastKnownFileType = file.storyboard; name = Base; path = Base.lproj/LaunchScreen.storyboard; sourceTree = "<group>"; };
		9FB2FF7E2514E67600A8B387 /* Info.plist */ = {isa = PBXFileReference; lastKnownFileType = text.plist.xml; path = Info.plist; sourceTree = "<group>"; };
		9FB2FF842514EA8100A8B387 /* Cachorro.swift */ = {isa = PBXFileReference; lastKnownFileType = sourcecode.swift; path = Cachorro.swift; sourceTree = "<group>"; };
		9FB2FF862514EC6400A8B387 /* Pessoa.swift */ = {isa = PBXFileReference; lastKnownFileType = sourcecode.swift; path = Pessoa.swift; sourceTree = "<group>"; };
		9FB2FF882514ED4E00A8B387 /* Aviao.swift */ = {isa = PBXFileReference; lastKnownFileType = sourcecode.swift; path = Aviao.swift; sourceTree = "<group>"; };
		9FB2FF8A2514EDA700A8B387 /* Caneta.swift */ = {isa = PBXFileReference; lastKnownFileType = sourcecode.swift; path = Caneta.swift; sourceTree = "<group>"; };
		9FB2FF8C2514F04000A8B387 /* ProtocolFormated.swift */ = {isa = PBXFileReference; lastKnownFileType = sourcecode.swift; path = ProtocolFormated.swift; sourceTree = "<group>"; };
/* End PBXFileReference section */

/* Begin PBXFrameworksBuildPhase section */
		9FB2FF6A2514E67200A8B387 /* Frameworks */ = {
			isa = PBXFrameworksBuildPhase;
			buildActionMask = 2147483647;
			files = (
			);
			runOnlyForDeploymentPostprocessing = 0;
		};
/* End PBXFrameworksBuildPhase section */

/* Begin PBXGroup section */
		9FB2FF642514E67200A8B387 = {
			isa = PBXGroup;
			children = (
				9FB2FF6F2514E67200A8B387 /* Exercicio1 */,
				9FB2FF6E2514E67200A8B387 /* Products */,
			);
			sourceTree = "<group>";
		};
		9FB2FF6E2514E67200A8B387 /* Products */ = {
			isa = PBXGroup;
			children = (
				9FB2FF6D2514E67200A8B387 /* Exercicio1.app */,
			);
			name = Products;
			sourceTree = "<group>";
		};
		9FB2FF6F2514E67200A8B387 /* Exercicio1 */ = {
			isa = PBXGroup;
			children = (
				9FB2FF702514E67200A8B387 /* AppDelegate.swift */,
				9FB2FF722514E67200A8B387 /* SceneDelegate.swift */,
				9FB2FF742514E67200A8B387 /* ViewController.swift */,
				9FB2FF8C2514F04000A8B387 /* ProtocolFormated.swift */,
				9FB2FF8A2514EDA700A8B387 /* Caneta.swift */,
				9FB2FF882514ED4E00A8B387 /* Aviao.swift */,
				9FB2FF862514EC6400A8B387 /* Pessoa.swift */,
				9FB2FF842514EA8100A8B387 /* Cachorro.swift */,
				9FB2FF762514E67200A8B387 /* Main.storyboard */,
				9FB2FF792514E67600A8B387 /* Assets.xcassets */,
				9FB2FF7B2514E67600A8B387 /* LaunchScreen.storyboard */,
				9FB2FF7E2514E67600A8B387 /* Info.plist */,
			);
			path = Exercicio1;
			sourceTree = "<group>";
		};
/* End PBXGroup section */

/* Begin PBXNativeTarget section */
		9FB2FF6C2514E67200A8B387 /* Exercicio1 */ = {
			isa = PBXNativeTarget;
			buildConfigurationList = 9FB2FF812514E67600A8B387 /* Build configuration list for PBXNativeTarget "Exercicio1" */;
			buildPhases = (
				9FB2FF692514E67200A8B387 /* Sources */,
				9FB2FF6A2514E67200A8B387 /* Frameworks */,
				9FB2FF6B2514E67200A8B387 /* Resources */,
			);
			buildRules = (
			);
			dependencies = (
			);
			name = Exercicio1;
			productName = Exercicio1;
			productReference = 9FB2FF6D2514E67200A8B387 /* Exercicio1.app */;
			productType = "com.apple.product-type.application";
		};
/* End PBXNativeTarget section */

/* Begin PBXProject section */
		9FB2FF652514E67200A8B387 /* Project object */ = {
			isa = PBXProject;
			attributes = {
				LastSwiftUpdateCheck = 1160;
				LastUpgradeCheck = 1160;
				ORGANIZATIONNAME = "Luciana Santana";
				TargetAttributes = {
					9FB2FF6C2514E67200A8B387 = {
						CreatedOnToolsVersion = 11.6;
					};
				};
			};
			buildConfigurationList = 9FB2FF682514E67200A8B387 /* Build configuration list for PBXProject "Exercicio1" */;
			compatibilityVersion = "Xcode 9.3";
			developmentRegion = en;
			hasScannedForEncodings = 0;
			knownRegions = (
				en,
				Base,
			);
			mainGroup = 9FB2FF642514E67200A8B387;
			productRefGroup = 9FB2FF6E2514E67200A8B387 /* Products */;
			projectDirPath = "";
			projectRoot = "";
			targets = (
				9FB2FF6C2514E67200A8B387 /* Exercicio1 */,
			);
		};
/* End PBXProject section */

/* Begin PBXResourcesBuildPhase section */
		9FB2FF6B2514E67200A8B387 /* Resources */ = {
			isa = PBXResourcesBuildPhase;
			buildActionMask = 2147483647;
			files = (
				9FB2FF7D2514E67600A8B387 /* LaunchScreen.storyboard in Resources */,
				9FB2FF7A2514E67600A8B387 /* Assets.xcassets in Resources */,
				9FB2FF782514E67200A8B387 /* Main.storyboard in Resources */,
			);
			runOnlyForDeploymentPostprocessing = 0;
		};
/* End PBXResourcesBuildPhase section */

/* Begin PBXSourcesBuildPhase section */
		9FB2FF692514E67200A8B387 /* Sources */ = {
			isa = PBXSourcesBuildPhase;
			buildActionMask = 2147483647;
			files = (
				9FB2FF872514EC6400A8B387 /* Pessoa.swift in Sources */,
				9FB2FF752514E67200A8B387 /* ViewController.swift in Sources */,
				9FB2FF8B2514EDA700A8B387 /* Caneta.swift in Sources */,
				9FB2FF892514ED4E00A8B387 /* Aviao.swift in Sources */,
				9FB2FF712514E67200A8B387 /* AppDelegate.swift in Sources */,
				9FB2FF8D2514F04000A8B387 /* ProtocolFormated.swift in Sources */,
				9FB2FF852514EA8100A8B387 /* Cachorro.swift in Sources */,
				9FB2FF732514E67200A8B387 /* SceneDelegate.swift in Sources */,
			);
			runOnlyForDeploymentPostprocessing = 0;
		};
/* End PBXSourcesBuildPhase section */

/* Begin PBXVariantGroup section */
		9FB2FF762514E67200A8B387 /* Main.storyboard */ = {
			isa = PBXVariantGroup;
			children = (
				9FB2FF772514E67200A8B387 /* Base */,
			);
			name = Main.storyboard;
			sourceTree = "<group>";
		};
		9FB2FF7B2514E67600A8B387 /* LaunchScreen.storyboard */ = {
			isa = PBXVariantGroup;
			children = (
				9FB2FF7C2514E67600A8B387 /* Base */,
			);
			name = LaunchScreen.storyboard;
			sourceTree = "<group>";
		};
/* End PBXVariantGroup section */

/* Begin XCBuildConfiguration section */
		9FB2FF7F2514E67600A8B387 /* Debug */ = {
			isa = XCBuildConfiguration;
			buildSettings = {
				ALWAYS_SEARCH_USER_PATHS = NO;
				CLANG_ANALYZER_NONNULL = YES;
				CLANG_ANALYZER_NUMBER_OBJECT_CONVERSION = YES_AGGRESSIVE;
				CLANG_CXX_LANGUAGE_STANDARD = "gnu++14";
				CLANG_CXX_LIBRARY = "libc++";
				CLANG_ENABLE_MODULES = YES;
				CLANG_ENABLE_OBJC_ARC = YES;
				CLANG_ENABLE_OBJC_WEAK = YES;
				CLANG_WARN_BLOCK_CAPTURE_AUTORELEASING = YES;
				CLANG_WARN_BOOL_CONVERSION = YES;
				CLANG_WARN_COMMA = YES;
				CLANG_WARN_CONSTANT_CONVERSION = YES;
				CLANG_WARN_DEPRECATED_OBJC_IMPLEMENTATIONS = YES;
				CLANG_WARN_DIRECT_OBJC_ISA_USAGE = YES_ERROR;
				CLANG_WARN_DOCUMENTATION_COMMENTS = YES;
				CLANG_WARN_EMPTY_BODY = YES;
				CLANG_WARN_ENUM_CONVERSION = YES;
				CLANG_WARN_INFINITE_RECURSION = YES;
				CLANG_WARN_INT_CONVERSION = YES;
				CLANG_WARN_NON_LITERAL_NULL_CONVERSION = YES;
				CLANG_WARN_OBJC_IMPLICIT_RETAIN_SELF = YES;
				CLANG_WARN_OBJC_LITERAL_CONVERSION = YES;
				CLANG_WARN_OBJC_ROOT_CLASS = YES_ERROR;
				CLANG_WARN_RANGE_LOOP_ANALYSIS = YES;
				CLANG_WARN_STRICT_PROTOTYPES = YES;
				CLANG_WARN_SUSPICIOUS_MOVE = YES;
				CLANG_WARN_UNGUARDED_AVAILABILITY = YES_AGGRESSIVE;
				CLANG_WARN_UNREACHABLE_CODE = YES;
				CLANG_WARN__DUPLICATE_METHOD_MATCH = YES;
				COPY_PHASE_STRIP = NO;
				DEBUG_INFORMATION_FORMAT = dwarf;
				ENABLE_STRICT_OBJC_MSGSEND = YES;
				ENABLE_TESTABILITY = YES;
				GCC_C_LANGUAGE_STANDARD = gnu11;
				GCC_DYNAMIC_NO_PIC = NO;
				GCC_NO_COMMON_BLOCKS = YES;
				GCC_OPTIMIZATION_LEVEL = 0;
				GCC_PREPROCESSOR_DEFINITIONS = (
					"DEBUG=1",
					"$(inherited)",
				);
				GCC_WARN_64_TO_32_BIT_CONVERSION = YES;
				GCC_WARN_ABOUT_RETURN_TYPE = YES_ERROR;
				GCC_WARN_UNDECLARED_SELECTOR = YES;
				GCC_WARN_UNINITIALIZED_AUTOS = YES_AGGRESSIVE;
				GCC_WARN_UNUSED_FUNCTION = YES;
				GCC_WARN_UNUSED_VARIABLE = YES;
				IPHONEOS_DEPLOYMENT_TARGET = 13.6;
				MTL_ENABLE_DEBUG_INFO = INCLUDE_SOURCE;
				MTL_FAST_MATH = YES;
				ONLY_ACTIVE_ARCH = YES;
				SDKROOT = iphoneos;
				SWIFT_ACTIVE_COMPILATION_CONDITIONS = DEBUG;
				SWIFT_OPTIMIZATION_LEVEL = "-Onone";
			};
			name = Debug;
		};
		9FB2FF802514E67600A8B387 /* Release */ = {
			isa = XCBuildConfiguration;
			buildSettings = {
				ALWAYS_SEARCH_USER_PATHS = NO;
				CLANG_ANALYZER_NONNULL = YES;
				CLANG_ANALYZER_NUMBER_OBJECT_CONVERSION = YES_AGGRESSIVE;
				CLANG_CXX_LANGUAGE_STANDARD = "gnu++14";
				CLANG_CXX_LIBRARY = "libc++";
				CLANG_ENABLE_MODULES = YES;
				CLANG_ENABLE_OBJC_ARC = YES;
				CLANG_ENABLE_OBJC_WEAK = YES;
				CLANG_WARN_BLOCK_CAPTURE_AUTORELEASING = YES;
				CLANG_WARN_BOOL_CONVERSION = YES;
				CLANG_WARN_COMMA = YES;
				CLANG_WARN_CONSTANT_CONVERSION = YES;
				CLANG_WARN_DEPRECATED_OBJC_IMPLEMENTATIONS = YES;
				CLANG_WARN_DIRECT_OBJC_ISA_USAGE = YES_ERROR;
				CLANG_WARN_DOCUMENTATION_COMMENTS = YES;
				CLANG_WARN_EMPTY_BODY = YES;
				CLANG_WARN_ENUM_CONVERSION = YES;
				CLANG_WARN_INFINITE_RECURSION = YES;
				CLANG_WARN_INT_CONVERSION = YES;
				CLANG_WARN_NON_LITERAL_NULL_CONVERSION = YES;
				CLANG_WARN_OBJC_IMPLICIT_RETAIN_SELF = YES;
				CLANG_WARN_OBJC_LITERAL_CONVERSION = YES;
				CLANG_WARN_OBJC_ROOT_CLASS = YES_ERROR;
				CLANG_WARN_RANGE_LOOP_ANALYSIS = YES;
				CLANG_WARN_STRICT_PROTOTYPES = YES;
				CLANG_WARN_SUSPICIOUS_MOVE = YES;
				CLANG_WARN_UNGUARDED_AVAILABILITY = YES_AGGRESSIVE;
				CLANG_WARN_UNREACHABLE_CODE = YES;
				CLANG_WARN__DUPLICATE_METHOD_MATCH = YES;
				COPY_PHASE_STRIP = NO;
				DEBUG_INFORMATION_FORMAT = "dwarf-with-dsym";
				ENABLE_NS_ASSERTIONS = NO;
				ENABLE_STRICT_OBJC_MSGSEND = YES;
				GCC_C_LANGUAGE_STANDARD = gnu11;
				GCC_NO_COMMON_BLOCKS = YES;
				GCC_WARN_64_TO_32_BIT_CONVERSION = YES;
				GCC_WARN_ABOUT_RETURN_TYPE = YES_ERROR;
				GCC_WARN_UNDECLARED_SELECTOR = YES;
				GCC_WARN_UNINITIALIZED_AUTOS = YES_AGGRESSIVE;
				GCC_WARN_UNUSED_FUNCTION = YES;
				GCC_WARN_UNUSED_VARIABLE = YES;
				IPHONEOS_DEPLOYMENT_TARGET = 13.6;
				MTL_ENABLE_DEBUG_INFO = NO;
				MTL_FAST_MATH = YES;
				SDKROOT = iphoneos;
				SWIFT_COMPILATION_MODE = wholemodule;
				SWIFT_OPTIMIZATION_LEVEL = "-O";
				VALIDATE_PRODUCT = YES;
			};
			name = Release;
		};
		9FB2FF822514E67600A8B387 /* Debug */ = {
			isa = XCBuildConfiguration;
			buildSettings = {
				ASSETCATALOG_COMPILER_APPICON_NAME = AppIcon;
				CODE_SIGN_STYLE = Automatic;
				INFOPLIST_FILE = Exercicio1/Info.plist;
				LD_RUNPATH_SEARCH_PATHS = (
					"$(inherited)",
					"@executable_path/Frameworks",
				);
				PRODUCT_BUNDLE_IDENTIFIER = com.lucianasilsan.Exercicio1;
				PRODUCT_NAME = "$(TARGET_NAME)";
				SWIFT_VERSION = 5.0;
				TARGETED_DEVICE_FAMILY = "1,2";
			};
			name = Debug;
		};
		9FB2FF832514E67600A8B387 /* Release */ = {
			isa = XCBuildConfiguration;
			buildSettings = {
				ASSETCATALOG_COMPILER_APPICON_NAME = AppIcon;
				CODE_SIGN_STYLE = Automatic;
				INFOPLIST_FILE = Exercicio1/Info.plist;
				LD_RUNPATH_SEARCH_PATHS = (
					"$(inherited)",
					"@executable_path/Frameworks",
				);
				PRODUCT_BUNDLE_IDENTIFIER = com.lucianasilsan.Exercicio1;
				PRODUCT_NAME = "$(TARGET_NAME)";
				SWIFT_VERSION = 5.0;
				TARGETED_DEVICE_FAMILY = "1,2";
			};
			name = Release;
		};
/* End XCBuildConfiguration section */

/* Begin XCConfigurationList section */
		9FB2FF682514E67200A8B387 /* Build configuration list for PBXProject "Exercicio1" */ = {
			isa = XCConfigurationList;
			buildConfigurations = (
				9FB2FF7F2514E67600A8B387 /* Debug */,
				9FB2FF802514E67600A8B387 /* Release */,
			);
			defaultConfigurationIsVisible = 0;
			defaultConfigurationName = Release;
		};
		9FB2FF812514E67600A8B387 /* Build configuration list for PBXNativeTarget "Exercicio1" */ = {
			isa = XCConfigurationList;
			buildConfigurations = (
				9FB2FF822514E67600A8B387 /* Debug */,
				9FB2FF832514E67600A8B387 /* Release */,
			);
			defaultConfigurationIsVisible = 0;
			defaultConfigurationName = Release;
		};
/* End XCConfigurationList section */
	};
	rootObject = 9FB2FF652514E67200A8B387 /* Project object */;
}
